// !$*UTF8*$!
{
	archiveVersion = 1;
	classes = {
	};
	objectVersion = 50;
	objects = {

/* Begin PBXBuildFile section */
		7E12E45624B253DC001AF70C /* AppDelegate.swift in Sources */ = {isa = PBXBuildFile; fileRef = 7E12E45524B253DC001AF70C /* AppDelegate.swift */; };
		7E12E45824B253DC001AF70C /* SceneDelegate.swift in Sources */ = {isa = PBXBuildFile; fileRef = 7E12E45724B253DC001AF70C /* SceneDelegate.swift */; };
		7E12E45A24B253DC001AF70C /* ViewController.swift in Sources */ = {isa = PBXBuildFile; fileRef = 7E12E45924B253DC001AF70C /* ViewController.swift */; };
		7E12E45D24B253DC001AF70C /* Main.storyboard in Resources */ = {isa = PBXBuildFile; fileRef = 7E12E45B24B253DC001AF70C /* Main.storyboard */; };
		7E12E46024B253DC001AF70C /* temp.xcdatamodeld in Sources */ = {isa = PBXBuildFile; fileRef = 7E12E45E24B253DC001AF70C /* temp.xcdatamodeld */; };
		7E12E46224B253E1001AF70C /* Assets.xcassets in Resources */ = {isa = PBXBuildFile; fileRef = 7E12E46124B253E1001AF70C /* Assets.xcassets */; };
		7E12E46524B253E1001AF70C /* LaunchScreen.storyboard in Resources */ = {isa = PBXBuildFile; fileRef = 7E12E46324B253E1001AF70C /* LaunchScreen.storyboard */; };
		7E12E47024B253E1001AF70C /* tempTests.swift in Sources */ = {isa = PBXBuildFile; fileRef = 7E12E46F24B253E1001AF70C /* tempTests.swift */; };
		7E12E47B24B25437001AF70C /* FirstTableViewController.swift in Sources */ = {isa = PBXBuildFile; fileRef = 7E12E47A24B25437001AF70C /* FirstTableViewController.swift */; };
/* End PBXBuildFile section */

/* Begin PBXContainerItemProxy section */
		7E12E46C24B253E1001AF70C /* PBXContainerItemProxy */ = {
			isa = PBXContainerItemProxy;
			containerPortal = 7E12E44A24B253DC001AF70C /* Project object */;
			proxyType = 1;
			remoteGlobalIDString = 7E12E45124B253DC001AF70C;
			remoteInfo = temp;
		};
/* End PBXContainerItemProxy section */

/* Begin PBXFileReference section */
		7E12E45224B253DC001AF70C /* temp.app */ = {isa = PBXFileReference; explicitFileType = wrapper.application; includeInIndex = 0; path = temp.app; sourceTree = BUILT_PRODUCTS_DIR; };
		7E12E45524B253DC001AF70C /* AppDelegate.swift */ = {isa = PBXFileReference; lastKnownFileType = sourcecode.swift; path = AppDelegate.swift; sourceTree = "<group>"; };
		7E12E45724B253DC001AF70C /* SceneDelegate.swift */ = {isa = PBXFileReference; lastKnownFileType = sourcecode.swift; path = SceneDelegate.swift; sourceTree = "<group>"; };
		7E12E45924B253DC001AF70C /* ViewController.swift */ = {isa = PBXFileReference; lastKnownFileType = sourcecode.swift; path = ViewController.swift; sourceTree = "<group>"; };
		7E12E45C24B253DC001AF70C /* Base */ = {isa = PBXFileReference; lastKnownFileType = file.storyboard; name = Base; path = Base.lproj/Main.storyboard; sourceTree = "<group>"; };
		7E12E45F24B253DC001AF70C /* temp.xcdatamodel */ = {isa = PBXFileReference; lastKnownFileType = wrapper.xcdatamodel; path = temp.xcdatamodel; sourceTree = "<group>"; };
		7E12E46124B253E1001AF70C /* Assets.xcassets */ = {isa = PBXFileReference; lastKnownFileType = folder.assetcatalog; path = Assets.xcassets; sourceTree = "<group>"; };
		7E12E46424B253E1001AF70C /* Base */ = {isa = PBXFileReference; lastKnownFileType = file.storyboard; name = Base; path = Base.lproj/LaunchScreen.storyboard; sourceTree = "<group>"; };
		7E12E46624B253E1001AF70C /* Info.plist */ = {isa = PBXFileReference; lastKnownFileType = text.plist.xml; path = Info.plist; sourceTree = "<group>"; };
		7E12E46B24B253E1001AF70C /* tempTests.xctest */ = {isa = PBXFileReference; explicitFileType = wrapper.cfbundle; includeInIndex = 0; path = tempTests.xctest; sourceTree = BUILT_PRODUCTS_DIR; };
		7E12E46F24B253E1001AF70C /* tempTests.swift */ = {isa = PBXFileReference; lastKnownFileType = sourcecode.swift; path = tempTests.swift; sourceTree = "<group>"; };
		7E12E47124B253E1001AF70C /* Info.plist */ = {isa = PBXFileReference; lastKnownFileType = text.plist.xml; path = Info.plist; sourceTree = "<group>"; };
		7E12E47A24B25437001AF70C /* FirstTableViewController.swift */ = {isa = PBXFileReference; lastKnownFileType = sourcecode.swift; path = FirstTableViewController.swift; sourceTree = "<group>"; };
/* End PBXFileReference section */

/* Begin PBXFrameworksBuildPhase section */
		7E12E44F24B253DC001AF70C /* Frameworks */ = {
			isa = PBXFrameworksBuildPhase;
			buildActionMask = 2147483647;
			files = (
			);
			runOnlyForDeploymentPostprocessing = 0;
		};
		7E12E46824B253E1001AF70C /* Frameworks */ = {
			isa = PBXFrameworksBuildPhase;
			buildActionMask = 2147483647;
			files = (
			);
			runOnlyForDeploymentPostprocessing = 0;
		};
/* End PBXFrameworksBuildPhase section */

/* Begin PBXGroup section */
		7E12E44924B253DC001AF70C = {
			isa = PBXGroup;
			children = (
				7E12E45424B253DC001AF70C /* temp */,
				7E12E46E24B253E1001AF70C /* tempTests */,
				7E12E45324B253DC001AF70C /* Products */,
			);
			sourceTree = "<group>";
		};
		7E12E45324B253DC001AF70C /* Products */ = {
			isa = PBXGroup;
			children = (
				7E12E45224B253DC001AF70C /* temp.app */,
				7E12E46B24B253E1001AF70C /* tempTests.xctest */,
			);
			name = Products;
			sourceTree = "<group>";
		};
		7E12E45424B253DC001AF70C /* temp */ = {
			isa = PBXGroup;
			children = (
				7E12E45524B253DC001AF70C /* AppDelegate.swift */,
				7E12E45724B253DC001AF70C /* SceneDelegate.swift */,
				7E12E45924B253DC001AF70C /* ViewController.swift */,
				7E12E45B24B253DC001AF70C /* Main.storyboard */,
				7E12E47A24B25437001AF70C /* FirstTableViewController.swift */,
				7E12E46124B253E1001AF70C /* Assets.xcassets */,
				7E12E46324B253E1001AF70C /* LaunchScreen.storyboard */,
				7E12E46624B253E1001AF70C /* Info.plist */,
				7E12E45E24B253DC001AF70C /* temp.xcdatamodeld */,
			);
			path = temp;
			sourceTree = "<group>";
		};
		7E12E46E24B253E1001AF70C /* tempTests */ = {
			isa = PBXGroup;
			children = (
				7E12E46F24B253E1001AF70C /* tempTests.swift */,
				7E12E47124B253E1001AF70C /* Info.plist */,
			);
			path = tempTests;
			sourceTree = "<group>";
		};
/* End PBXGroup section */

/* Begin PBXNativeTarget section */
		7E12E45124B253DC001AF70C /* temp */ = {
			isa = PBXNativeTarget;
			buildConfigurationList = 7E12E47424B253E1001AF70C /* Build configuration list for PBXNativeTarget "temp" */;
			buildPhases = (
				7E12E44E24B253DC001AF70C /* Sources */,
				7E12E44F24B253DC001AF70C /* Frameworks */,
				7E12E45024B253DC001AF70C /* Resources */,
			);
			buildRules = (
			);
			dependencies = (
			);
			name = temp;
			productName = temp;
			productReference = 7E12E45224B253DC001AF70C /* temp.app */;
			productType = "com.apple.product-type.application";
		};
		7E12E46A24B253E1001AF70C /* tempTests */ = {
			isa = PBXNativeTarget;
			buildConfigurationList = 7E12E47724B253E1001AF70C /* Build configuration list for PBXNativeTarget "tempTests" */;
			buildPhases = (
				7E12E46724B253E1001AF70C /* Sources */,
				7E12E46824B253E1001AF70C /* Frameworks */,
				7E12E46924B253E1001AF70C /* Resources */,
			);
			buildRules = (
			);
			dependencies = (
				7E12E46D24B253E1001AF70C /* PBXTargetDependency */,
			);
			name = tempTests;
			productName = tempTests;
			productReference = 7E12E46B24B253E1001AF70C /* tempTests.xctest */;
			productType = "com.apple.product-type.bundle.unit-test";
		};
/* End PBXNativeTarget section */

/* Begin PBXProject section */
		7E12E44A24B253DC001AF70C /* Project object */ = {
			isa = PBXProject;
			attributes = {
				LastSwiftUpdateCheck = 1150;
				LastUpgradeCheck = 1150;
				ORGANIZATIONNAME = Brogrammers;
				TargetAttributes = {
					7E12E45124B253DC001AF70C = {
						CreatedOnToolsVersion = 11.5;
					};
					7E12E46A24B253E1001AF70C = {
						CreatedOnToolsVersion = 11.5;
						TestTargetID = 7E12E45124B253DC001AF70C;
					};
				};
			};
			buildConfigurationList = 7E12E44D24B253DC001AF70C /* Build configuration list for PBXProject "temp" */;
			compatibilityVersion = "Xcode 9.3";
			developmentRegion = en;
			hasScannedForEncodings = 0;
			knownRegions = (
				en,
				Base,
			);
			mainGroup = 7E12E44924B253DC001AF70C;
			productRefGroup = 7E12E45324B253DC001AF70C /* Products */;
			projectDirPath = "";
			projectRoot = "";
			targets = (
				7E12E45124B253DC001AF70C /* temp */,
				7E12E46A24B253E1001AF70C /* tempTests */,
			);
		};
/* End PBXProject section */

/* Begin PBXResourcesBuildPhase section */
		7E12E45024B253DC001AF70C /* Resources */ = {
			isa = PBXResourcesBuildPhase;
			buildActionMask = 2147483647;
			files = (
				7E12E46524B253E1001AF70C /* LaunchScreen.storyboard in Resources */,
				7E12E46224B253E1001AF70C /* Assets.xcassets in Resources */,
				7E12E45D24B253DC001AF70C /* Main.storyboard in Resources */,
			);
			runOnlyForDeploymentPostprocessing = 0;
		};
		7E12E46924B253E1001AF70C /* Resources */ = {
			isa = PBXResourcesBuildPhase;
			buildActionMask = 2147483647;
			files = (
			);
			runOnlyForDeploymentPostprocessing = 0;
		};
/* End PBXResourcesBuildPhase section */

/* Begin PBXSourcesBuildPhase section */
		7E12E44E24B253DC001AF70C /* Sources */ = {
			isa = PBXSourcesBuildPhase;
			buildActionMask = 2147483647;
			files = (
				7E12E45A24B253DC001AF70C /* ViewController.swift in Sources */,
				7E12E45624B253DC001AF70C /* AppDelegate.swift in Sources */,
				7E12E45824B253DC001AF70C /* SceneDelegate.swift in Sources */,
				7E12E46024B253DC001AF70C /* temp.xcdatamodeld in Sources */,
				7E12E47B24B25437001AF70C /* FirstTableViewController.swift in Sources */,
			);
			runOnlyForDeploymentPostprocessing = 0;
		};
		7E12E46724B253E1001AF70C /* Sources */ = {
			isa = PBXSourcesBuildPhase;
			buildActionMask = 2147483647;
			files = (
				7E12E47024B253E1001AF70C /* tempTests.swift in Sources */,
			);
			runOnlyForDeploymentPostprocessing = 0;
		};
/* End PBXSourcesBuildPhase section */

/* Begin PBXTargetDependency section */
		7E12E46D24B253E1001AF70C /* PBXTargetDependency */ = {
			isa = PBXTargetDependency;
			target = 7E12E45124B253DC001AF70C /* temp */;
			targetProxy = 7E12E46C24B253E1001AF70C /* PBXContainerItemProxy */;
		};
/* End PBXTargetDependency section */

/* Begin PBXVariantGroup section */
		7E12E45B24B253DC001AF70C /* Main.storyboard */ = {
			isa = PBXVariantGroup;
			children = (
				7E12E45C24B253DC001AF70C /* Base */,
			);
			name = Main.storyboard;
			sourceTree = "<group>";
		};
		7E12E46324B253E1001AF70C /* LaunchScreen.storyboard */ = {
			isa = PBXVariantGroup;
			children = (
				7E12E46424B253E1001AF70C /* Base */,
			);
			name = LaunchScreen.storyboard;
			sourceTree = "<group>";
		};
/* End PBXVariantGroup section */

/* Begin XCBuildConfiguration section */
		7E12E47224B253E1001AF70C /* Debug */ = {
			isa = XCBuildConfiguration;
			buildSettings = {
				ALWAYS_SEARCH_USER_PATHS = NO;
				CLANG_ANALYZER_NONNULL = YES;
				CLANG_ANALYZER_NUMBER_OBJECT_CONVERSION = YES_AGGRESSIVE;
				CLANG_CXX_LANGUAGE_STANDARD = "gnu++14";
				CLANG_CXX_LIBRARY = "libc++";
				CLANG_ENABLE_MODULES = YES;
				CLANG_ENABLE_OBJC_ARC = YES;
				CLANG_ENABLE_OBJC_WEAK = YES;
				CLANG_WARN_BLOCK_CAPTURE_AUTORELEASING = YES;
				CLANG_WARN_BOOL_CONVERSION = YES;
				CLANG_WARN_COMMA = YES;
				CLANG_WARN_CONSTANT_CONVERSION = YES;
				CLANG_WARN_DEPRECATED_OBJC_IMPLEMENTATIONS = YES;
				CLANG_WARN_DIRECT_OBJC_ISA_USAGE = YES_ERROR;
				CLANG_WARN_DOCUMENTATION_COMMENTS = YES;
				CLANG_WARN_EMPTY_BODY = YES;
				CLANG_WARN_ENUM_CONVERSION = YES;
				CLANG_WARN_INFINITE_RECURSION = YES;
				CLANG_WARN_INT_CONVERSION = YES;
				CLANG_WARN_NON_LITERAL_NULL_CONVERSION = YES;
				CLANG_WARN_OBJC_IMPLICIT_RETAIN_SELF = YES;
				CLANG_WARN_OBJC_LITERAL_CONVERSION = YES;
				CLANG_WARN_OBJC_ROOT_CLASS = YES_ERROR;
				CLANG_WARN_RANGE_LOOP_ANALYSIS = YES;
				CLANG_WARN_STRICT_PROTOTYPES = YES;
				CLANG_WARN_SUSPICIOUS_MOVE = YES;
				CLANG_WARN_UNGUARDED_AVAILABILITY = YES_AGGRESSIVE;
				CLANG_WARN_UNREACHABLE_CODE = YES;
				CLANG_WARN__DUPLICATE_METHOD_MATCH = YES;
				COPY_PHASE_STRIP = NO;
				DEBUG_INFORMATION_FORMAT = dwarf;
				ENABLE_STRICT_OBJC_MSGSEND = YES;
				ENABLE_TESTABILITY = YES;
				GCC_C_LANGUAGE_STANDARD = gnu11;
				GCC_DYNAMIC_NO_PIC = NO;
				GCC_NO_COMMON_BLOCKS = YES;
				GCC_OPTIMIZATION_LEVEL = 0;
				GCC_PREPROCESSOR_DEFINITIONS = (
					"DEBUG=1",
					"$(inherited)",
				);
				GCC_WARN_64_TO_32_BIT_CONVERSION = YES;
				GCC_WARN_ABOUT_RETURN_TYPE = YES_ERROR;
				GCC_WARN_UNDECLARED_SELECTOR = YES;
				GCC_WARN_UNINITIALIZED_AUTOS = YES_AGGRESSIVE;
				GCC_WARN_UNUSED_FUNCTION = YES;
				GCC_WARN_UNUSED_VARIABLE = YES;
				IPHONEOS_DEPLOYMENT_TARGET = 13.5;
				MTL_ENABLE_DEBUG_INFO = INCLUDE_SOURCE;
				MTL_FAST_MATH = YES;
				ONLY_ACTIVE_ARCH = YES;
				SDKROOT = iphoneos;
				SWIFT_ACTIVE_COMPILATION_CONDITIONS = DEBUG;
				SWIFT_OPTIMIZATION_LEVEL = "-Onone";
			};
			name = Debug;
		};
		7E12E47324B253E1001AF70C /* Release */ = {
			isa = XCBuildConfiguration;
			buildSettings = {
				ALWAYS_SEARCH_USER_PATHS = NO;
				CLANG_ANALYZER_NONNULL = YES;
				CLANG_ANALYZER_NUMBER_OBJECT_CONVERSION = YES_AGGRESSIVE;
				CLANG_CXX_LANGUAGE_STANDARD = "gnu++14";
				CLANG_CXX_LIBRARY = "libc++";
				CLANG_ENABLE_MODULES = YES;
				CLANG_ENABLE_OBJC_ARC = YES;
				CLANG_ENABLE_OBJC_WEAK = YES;
				CLANG_WARN_BLOCK_CAPTURE_AUTORELEASING = YES;
				CLANG_WARN_BOOL_CONVERSION = YES;
				CLANG_WARN_COMMA = YES;
				CLANG_WARN_CONSTANT_CONVERSION = YES;
				CLANG_WARN_DEPRECATED_OBJC_IMPLEMENTATIONS = YES;
				CLANG_WARN_DIRECT_OBJC_ISA_USAGE = YES_ERROR;
				CLANG_WARN_DOCUMENTATION_COMMENTS = YES;
				CLANG_WARN_EMPTY_BODY = YES;
				CLANG_WARN_ENUM_CONVERSION = YES;
				CLANG_WARN_INFINITE_RECURSION = YES;
				CLANG_WARN_INT_CONVERSION = YES;
				CLANG_WARN_NON_LITERAL_NULL_CONVERSION = YES;
				CLANG_WARN_OBJC_IMPLICIT_RETAIN_SELF = YES;
				CLANG_WARN_OBJC_LITERAL_CONVERSION = YES;
				CLANG_WARN_OBJC_ROOT_CLASS = YES_ERROR;
				CLANG_WARN_RANGE_LOOP_ANALYSIS = YES;
				CLANG_WARN_STRICT_PROTOTYPES = YES;
				CLANG_WARN_SUSPICIOUS_MOVE = YES;
				CLANG_WARN_UNGUARDED_AVAILABILITY = YES_AGGRESSIVE;
				CLANG_WARN_UNREACHABLE_CODE = YES;
				CLANG_WARN__DUPLICATE_METHOD_MATCH = YES;
				COPY_PHASE_STRIP = NO;
				DEBUG_INFORMATION_FORMAT = "dwarf-with-dsym";
				ENABLE_NS_ASSERTIONS = NO;
				ENABLE_STRICT_OBJC_MSGSEND = YES;
				GCC_C_LANGUAGE_STANDARD = gnu11;
				GCC_NO_COMMON_BLOCKS = YES;
				GCC_WARN_64_TO_32_BIT_CONVERSION = YES;
				GCC_WARN_ABOUT_RETURN_TYPE = YES_ERROR;
				GCC_WARN_UNDECLARED_SELECTOR = YES;
				GCC_WARN_UNINITIALIZED_AUTOS = YES_AGGRESSIVE;
				GCC_WARN_UNUSED_FUNCTION = YES;
				GCC_WARN_UNUSED_VARIABLE = YES;
				IPHONEOS_DEPLOYMENT_TARGET = 13.5;
				MTL_ENABLE_DEBUG_INFO = NO;
				MTL_FAST_MATH = YES;
				SDKROOT = iphoneos;
				SWIFT_COMPILATION_MODE = wholemodule;
				SWIFT_OPTIMIZATION_LEVEL = "-O";
				VALIDATE_PRODUCT = YES;
			};
			name = Release;
		};
		7E12E47524B253E1001AF70C /* Debug */ = {
			isa = XCBuildConfiguration;
			buildSettings = {
				ASSETCATALOG_COMPILER_APPICON_NAME = AppIcon;
				CODE_SIGN_STYLE = Automatic;
				DEVELOPMENT_TEAM = UKAZS68625;
				INFOPLIST_FILE = temp/Info.plist;
				LD_RUNPATH_SEARCH_PATHS = (
					"$(inherited)",
					"@executable_path/Frameworks",
				);
				PRODUCT_BUNDLE_IDENTIFIER = Brogrammers.temp;
				PRODUCT_NAME = "$(TARGET_NAME)";
				SWIFT_VERSION = 5.0;
				TARGETED_DEVICE_FAMILY = "1,2";
			};
			name = Debug;
		};
		7E12E47624B253E1001AF70C /* Release */ = {
			isa = XCBuildConfiguration;
			buildSettings = {
				ASSETCATALOG_COMPILER_APPICON_NAME = AppIcon;
				CODE_SIGN_STYLE = Automatic;
				DEVELOPMENT_TEAM = UKAZS68625;
				INFOPLIST_FILE = temp/Info.plist;
				LD_RUNPATH_SEARCH_PATHS = (
					"$(inherited)",
					"@executable_path/Frameworks",
				);
				PRODUCT_BUNDLE_IDENTIFIER = Brogrammers.temp;
				PRODUCT_NAME = "$(TARGET_NAME)";
				SWIFT_VERSION = 5.0;
				TARGETED_DEVICE_FAMILY = "1,2";
			};
			name = Release;
		};
		7E12E47824B253E1001AF70C /* Debug */ = {
			isa = XCBuildConfiguration;
			buildSettings = {
				ALWAYS_EMBED_SWIFT_STANDARD_LIBRARIES = YES;
				BUNDLE_LOADER = "$(TEST_HOST)";
				CODE_SIGN_STYLE = Automatic;
				DEVELOPMENT_TEAM = UKAZS68625;
				INFOPLIST_FILE = tempTests/Info.plist;
				IPHONEOS_DEPLOYMENT_TARGET = 13.5;
				LD_RUNPATH_SEARCH_PATHS = (
					"$(inherited)",
					"@executable_path/Frameworks",
					"@loader_path/Frameworks",
				);
				PRODUCT_BUNDLE_IDENTIFIER = Brogrammers.tempTests;
				PRODUCT_NAME = "$(TARGET_NAME)";
				SWIFT_VERSION = 5.0;
				TARGETED_DEVICE_FAMILY = "1,2";
				TEST_HOST = "$(BUILT_PRODUCTS_DIR)/temp.app/temp";
			};
			name = Debug;
		};
		7E12E47924B253E1001AF70C /* Release */ = {
			isa = XCBuildConfiguration;
			buildSettings = {
				ALWAYS_EMBED_SWIFT_STANDARD_LIBRARIES = YES;
				BUNDLE_LOADER = "$(TEST_HOST)";
				CODE_SIGN_STYLE = Automatic;
				DEVELOPMENT_TEAM = UKAZS68625;
				INFOPLIST_FILE = tempTests/Info.plist;
				IPHONEOS_DEPLOYMENT_TARGET = 13.5;
				LD_RUNPATH_SEARCH_PATHS = (
					"$(inherited)",
					"@executable_path/Frameworks",
					"@loader_path/Frameworks",
				);
				PRODUCT_BUNDLE_IDENTIFIER = Brogrammers.tempTests;
				PRODUCT_NAME = "$(TARGET_NAME)";
				SWIFT_VERSION = 5.0;
				TARGETED_DEVICE_FAMILY = "1,2";
				TEST_HOST = "$(BUILT_PRODUCTS_DIR)/temp.app/temp";
			};
			name = Release;
		};
/* End XCBuildConfiguration section */

/* Begin XCConfigurationList section */
		7E12E44D24B253DC001AF70C /* Build configuration list for PBXProject "temp" */ = {
			isa = XCConfigurationList;
			buildConfigurations = (
				7E12E47224B253E1001AF70C /* Debug */,
				7E12E47324B253E1001AF70C /* Release */,
			);
			defaultConfigurationIsVisible = 0;
			defaultConfigurationName = Release;
		};
		7E12E47424B253E1001AF70C /* Build configuration list for PBXNativeTarget "temp" */ = {
			isa = XCConfigurationList;
			buildConfigurations = (
				7E12E47524B253E1001AF70C /* Debug */,
				7E12E47624B253E1001AF70C /* Release */,
			);
			defaultConfigurationIsVisible = 0;
			defaultConfigurationName = Release;
		};
		7E12E47724B253E1001AF70C /* Build configuration list for PBXNativeTarget "tempTests" */ = {
			isa = XCConfigurationList;
			buildConfigurations = (
				7E12E47824B253E1001AF70C /* Debug */,
				7E12E47924B253E1001AF70C /* Release */,
			);
			defaultConfigurationIsVisible = 0;
			defaultConfigurationName = Release;
		};
/* End XCConfigurationList section */

/* Begin XCVersionGroup section */
		7E12E45E24B253DC001AF70C /* temp.xcdatamodeld */ = {
			isa = XCVersionGroup;
			children = (
				7E12E45F24B253DC001AF70C /* temp.xcdatamodel */,
			);
			currentVersion = 7E12E45F24B253DC001AF70C /* temp.xcdatamodel */;
			path = temp.xcdatamodeld;
			sourceTree = "<group>";
			versionGroupType = wrapper.xcdatamodel;
		};
/* End XCVersionGroup section */
	};
	rootObject = 7E12E44A24B253DC001AF70C /* Project object */;
}
